
Microsoft Visual Studio Solution File, Format Version 12.00
# Visual Studio Version 17
VisualStudioVersion = 17.10.34916.146
MinimumVisualStudioVersion = 10.0.40219.1
Project("{FAE04EC0-301F-11D3-BF4B-00C04F79EFBC}") = "API", "API\API.csproj", "{1D98A9E8-388B-4949-9AC3-C73777D06A42}"
EndProject
Project("{FAE04EC0-301F-11D3-BF4B-00C04F79EFBC}") = "Models", "Models\Models.csproj", "{C2340A39-57D9-44F8-A44C-11809C4B6604}"
EndProject
Project("{FAE04EC0-301F-11D3-BF4B-00C04F79EFBC}") = "Services", "Services\Services.csproj", "{1FD4A8F1-49DE-4A00-9C4B-2EA6AC160FAC}"
EndProject
Global
	GlobalSection(SolutionConfigurationPlatforms) = preSolution
		Debug|Any CPU = Debug|Any CPU
		Release|Any CPU = Release|Any CPU
	EndGlobalSection
	GlobalSection(ProjectConfigurationPlatforms) = postSolution
		{1D98A9E8-388B-4949-9AC3-C73777D06A42}.Debug|Any CPU.ActiveCfg = Debug|Any CPU
		{1D98A9E8-388B-4949-9AC3-C73777D06A42}.Debug|Any CPU.Build.0 = Debug|Any CPU
		{1D98A9E8-388B-4949-9AC3-C73777D06A42}.Release|Any CPU.ActiveCfg = Release|Any CPU
		{1D98A9E8-388B-4949-9AC3-C73777D06A42}.Release|Any CPU.Build.0 = Release|Any CPU
		{C2340A39-57D9-44F8-A44C-11809C4B6604}.Debug|Any CPU.ActiveCfg = Debug|Any CPU
		{C2340A39-57D9-44F8-A44C-11809C4B6604}.Debug|Any CPU.Build.0 = Debug|Any CPU
		{C2340A39-57D9-44F8-A44C-11809C4B6604}.Release|Any CPU.ActiveCfg = Release|Any CPU
		{C2340A39-57D9-44F8-A44C-11809C4B6604}.Release|Any CPU.Build.0 = Release|Any CPU
		{1FD4A8F1-49DE-4A00-9C4B-2EA6AC160FAC}.Debug|Any CPU.ActiveCfg = Debug|Any CPU
		{1FD4A8F1-49DE-4A00-9C4B-2EA6AC160FAC}.Debug|Any CPU.Build.0 = Debug|Any CPU
		{1FD4A8F1-49DE-4A00-9C4B-2EA6AC160FAC}.Release|Any CPU.ActiveCfg = Release|Any CPU
		{1FD4A8F1-49DE-4A00-9C4B-2EA6AC160FAC}.Release|Any CPU.Build.0 = Release|Any CPU
	EndGlobalSection
	GlobalSection(SolutionProperties) = preSolution
		HideSolutionNode = FALSE
	EndGlobalSection
	GlobalSection(ExtensibilityGlobals) = postSolution
		SolutionGuid = {80FC471A-4110-4E17-A2CE-B26712A632F2}
	EndGlobalSection
EndGlobal
